
Microsoft Visual Studio Solution File, Format Version 12.00
# Visual Studio Version 17
VisualStudioVersion = 17.5.33516.290
MinimumVisualStudioVersion = 10.0.40219.1
Project("{2150E333-8FDC-42A3-9474-1A3956D46DE8}") = "src", "src", "{C9BFDDC4-5671-47A3-B57D-197C2A51FA8A}"
EndProject
Project("{2150E333-8FDC-42A3-9474-1A3956D46DE8}") = "Solution Items", "Solution Items", "{0FA25035-EF21-45F1-BEB4-C57BCF5F9A83}"
	ProjectSection(SolutionItems) = preProject
		.editorconfig = .editorconfig
	EndProjectSection
EndProject
Project("{2150E333-8FDC-42A3-9474-1A3956D46DE8}") = "Modules", "Modules", "{7EFA2FA7-32DD-4047-B021-50E77A83D714}"
	ProjectSection(SolutionItems) = preProject
		src\Modules\Directory.Build.props = src\Modules\Directory.Build.props
	EndProjectSection
EndProject
Project("{9A19103F-16F7-4668-BE54-9A1E7A4F7556}") = "NhaHang.WebHost", "src\NhaHang.WebHost\NhaHang.WebHost.csproj", "{13367B7A-E91C-47EE-BA5E-C50664D65767}"
EndProject
Project("{9A19103F-16F7-4668-BE54-9A1E7A4F7556}") = "NhaHang.Module.Core", "src\Modules\NhaHang.Module.Core\NhaHang.Module.Core.csproj", "{91A9DD1C-08F3-4F85-8728-BB30F55FDACB}"
EndProject
Project("{9A19103F-16F7-4668-BE54-9A1E7A4F7556}") = "NhaHang.Module.Catalog", "src\Modules\NhaHang.Module.Catalog\NhaHang.Module.Catalog.csproj", "{5A25980B-54D9-4B82-8E2B-021F27860D7F}"
EndProject
Project("{9A19103F-16F7-4668-BE54-9A1E7A4F7556}") = "NhaHang.Module.StorageLocal", "src\Modules\NhaHang.Module.StorageLocal\NhaHang.Module.StorageLocal.csproj", "{D399504C-4288-4692-A980-8265FA3A29AA}"
EndProject
Project("{9A19103F-16F7-4668-BE54-9A1E7A4F7556}") = "NhaHang.Infrastructure", "src\NhaHang.Infrastructure\NhaHang.Infrastructure.csproj", "{54703EC7-D69C-442E-A0CE-487721010015}"
EndProject
Project("{9A19103F-16F7-4668-BE54-9A1E7A4F7556}") = "NhaHang.Module.ShoppingCart", "src\Modules\NhaHang.Module.ShoppingCart\NhaHang.Module.ShoppingCart.csproj", "{500D1399-3CDE-427D-BBA9-A3CC14CD78E4}"
EndProject
Project("{9A19103F-16F7-4668-BE54-9A1E7A4F7556}") = "NhaHang.Module.Pricing", "src\Modules\NhaHang.Module.Pricing\NhaHang.Module.Pricing.csproj", "{DC8776A8-F3A8-4CDE-903D-3D5407E6D6FA}"
EndProject
Project("{9A19103F-16F7-4668-BE54-9A1E7A4F7556}") = "NhaHang.Module.Localization", "src\Modules\NhaHang.Module.Localization\NhaHang.Module.Localization.csproj", "{5FCE6766-3FD7-4170-8C73-BB164EF57701}"
EndProject
Project("{9A19103F-16F7-4668-BE54-9A1E7A4F7556}") = "NhaHang.Module.Contacts", "src\Modules\NhaHang.Module.Contacts\NhaHang.Module.Contacts.csproj", "{5798030D-1632-4D93-8F35-42E650909A44}"
EndProject
Project("{9A19103F-16F7-4668-BE54-9A1E7A4F7556}") = "NhaHang.Module.Orders", "src\Modules\NhaHang.Module.Orders\NhaHang.Module.Orders.csproj", "{F99467D7-4FE5-4C58-8D17-4203165F8646}"
EndProject
Project("{9A19103F-16F7-4668-BE54-9A1E7A4F7556}") = "NhaHang.Module.Payments", "src\Modules\NhaHang.Module.Payments\NhaHang.Module.Payments.csproj", "{90DBC470-E9F6-4E49-8DEA-E7617E3B230B}"
EndProject
Project("{9A19103F-16F7-4668-BE54-9A1E7A4F7556}") = "NhaHang.Module.PaymentCoD", "src\Modules\NhaHang.Module.PaymentCoD\NhaHang.Module.PaymentCoD.csproj", "{F1F5318E-4950-421D-A44C-81C28C060B7E}"
EndProject
Project("{9A19103F-16F7-4668-BE54-9A1E7A4F7556}") = "NhaHang.Module.Inventory", "src\Modules\NhaHang.Module.Inventory\NhaHang.Module.Inventory.csproj", "{422A627F-92D5-42E1-BC32-3C229BDE3C9A}"
EndProject
Project("{9A19103F-16F7-4668-BE54-9A1E7A4F7556}") = "NhaHang.Module.Report", "src\Modules\NhaHang.Module.Report\NhaHang.Module.Report.csproj", "{574762C1-895A-4EAD-B31E-7B261F57D6CA}"
EndProject
Project("{9A19103F-16F7-4668-BE54-9A1E7A4F7556}") = "NhaHang.Module.EmailSenderSmtp", "src\Modules\NhaHang.Module.EmailSenderSmtp\NhaHang.Module.EmailSenderSmtp.csproj", "{BF1061A4-91EC-4F6F-9E27-DF2363097309}"
EndProject
Project("{FAE04EC0-301F-11D3-BF4B-00C04F79EFBC}") = "NhaHang.Module.ElFinder", "src\Modules\NhaHang.Module.ElFinder\NhaHang.Module.ElFinder.csproj", "{A9FC1A15-19FE-4533-A845-5A6E2F044F8F}"
EndProject
Project("{FAE04EC0-301F-11D3-BF4B-00C04F79EFBC}") = "NhaHang.Module.Customers", "src\Modules\NhaHang.Module.Customers\NhaHang.Module.Customers.csproj", "{F6040249-BBE5-4816-8310-FE7255FCF733}"
EndProject
Project("{FAE04EC0-301F-11D3-BF4B-00C04F79EFBC}") = "NhaHang.Module.DinkToPdf", "src\Modules\NhaHang.Module.DinkToPdf\NhaHang.Module.DinkToPdf.csproj", "{BF8E500B-83B2-4734-944B-56E33314D4F2}"
EndProject
Project("{FAE04EC0-301F-11D3-BF4B-00C04F79EFBC}") = "NhaHang.Module.POS", "src\Modules\NhaHang.Module.Post\NhaHang.Module.POS.csproj", "{A2EFDF9B-428D-424A-BD68-06034AB5C389}"
EndProject
Project("{FAE04EC0-301F-11D3-BF4B-00C04F79EFBC}") = "NhaHang.Module.Expenditure", "src\Modules\NhaHang.Module.Expenditure\NhaHang.Module.Expenditure.csproj", "{C2CD8E5D-63FB-497F-90DB-71D5437F4DF0}"
EndProject
Project("{FAE04EC0-301F-11D3-BF4B-00C04F79EFBC}") = "NhaHang.Module.Staff", "src\Modules\NhaHang.Module.Staff\NhaHang.Module.Staff.csproj", "{B19F6084-7232-4AB9-B1AE-7702BB33B10C}"
EndProject
Global
	GlobalSection(SolutionConfigurationPlatforms) = preSolution
		Debug|Any CPU = Debug|Any CPU
		Debug|x64 = Debug|x64
		Debug|x86 = Debug|x86
		EasyTest|Any CPU = EasyTest|Any CPU
		EasyTest|x64 = EasyTest|x64
		EasyTest|x86 = EasyTest|x86
		Release|Any CPU = Release|Any CPU
		Release|x64 = Release|x64
		Release|x86 = Release|x86
	EndGlobalSection
	GlobalSection(ProjectConfigurationPlatforms) = postSolution
		{13367B7A-E91C-47EE-BA5E-C50664D65767}.Debug|Any CPU.ActiveCfg = Debug|Any CPU
		{13367B7A-E91C-47EE-BA5E-C50664D65767}.Debug|Any CPU.Build.0 = Debug|Any CPU
		{13367B7A-E91C-47EE-BA5E-C50664D65767}.Debug|x64.ActiveCfg = Debug|Any CPU
		{13367B7A-E91C-47EE-BA5E-C50664D65767}.Debug|x64.Build.0 = Debug|Any CPU
		{13367B7A-E91C-47EE-BA5E-C50664D65767}.Debug|x86.ActiveCfg = Debug|Any CPU
		{13367B7A-E91C-47EE-BA5E-C50664D65767}.Debug|x86.Build.0 = Debug|Any CPU
		{13367B7A-E91C-47EE-BA5E-C50664D65767}.EasyTest|Any CPU.ActiveCfg = Release|Any CPU
		{13367B7A-E91C-47EE-BA5E-C50664D65767}.EasyTest|Any CPU.Build.0 = Release|Any CPU
		{13367B7A-E91C-47EE-BA5E-C50664D65767}.EasyTest|x64.ActiveCfg = Release|Any CPU
		{13367B7A-E91C-47EE-BA5E-C50664D65767}.EasyTest|x64.Build.0 = Release|Any CPU
		{13367B7A-E91C-47EE-BA5E-C50664D65767}.EasyTest|x86.ActiveCfg = Release|Any CPU
		{13367B7A-E91C-47EE-BA5E-C50664D65767}.EasyTest|x86.Build.0 = Release|Any CPU
		{13367B7A-E91C-47EE-BA5E-C50664D65767}.Release|Any CPU.ActiveCfg = Release|Any CPU
		{13367B7A-E91C-47EE-BA5E-C50664D65767}.Release|Any CPU.Build.0 = Release|Any CPU
		{13367B7A-E91C-47EE-BA5E-C50664D65767}.Release|x64.ActiveCfg = Release|Any CPU
		{13367B7A-E91C-47EE-BA5E-C50664D65767}.Release|x64.Build.0 = Release|Any CPU
		{13367B7A-E91C-47EE-BA5E-C50664D65767}.Release|x86.ActiveCfg = Release|Any CPU
		{13367B7A-E91C-47EE-BA5E-C50664D65767}.Release|x86.Build.0 = Release|Any CPU
		{91A9DD1C-08F3-4F85-8728-BB30F55FDACB}.Debug|Any CPU.ActiveCfg = Debug|Any CPU
		{91A9DD1C-08F3-4F85-8728-BB30F55FDACB}.Debug|Any CPU.Build.0 = Debug|Any CPU
		{91A9DD1C-08F3-4F85-8728-BB30F55FDACB}.Debug|x64.ActiveCfg = Debug|Any CPU
		{91A9DD1C-08F3-4F85-8728-BB30F55FDACB}.Debug|x64.Build.0 = Debug|Any CPU
		{91A9DD1C-08F3-4F85-8728-BB30F55FDACB}.Debug|x86.ActiveCfg = Debug|Any CPU
		{91A9DD1C-08F3-4F85-8728-BB30F55FDACB}.Debug|x86.Build.0 = Debug|Any CPU
		{91A9DD1C-08F3-4F85-8728-BB30F55FDACB}.EasyTest|Any CPU.ActiveCfg = Release|Any CPU
		{91A9DD1C-08F3-4F85-8728-BB30F55FDACB}.EasyTest|Any CPU.Build.0 = Release|Any CPU
		{91A9DD1C-08F3-4F85-8728-BB30F55FDACB}.EasyTest|x64.ActiveCfg = Release|Any CPU
		{91A9DD1C-08F3-4F85-8728-BB30F55FDACB}.EasyTest|x64.Build.0 = Release|Any CPU
		{91A9DD1C-08F3-4F85-8728-BB30F55FDACB}.EasyTest|x86.ActiveCfg = Release|Any CPU
		{91A9DD1C-08F3-4F85-8728-BB30F55FDACB}.EasyTest|x86.Build.0 = Release|Any CPU
		{91A9DD1C-08F3-4F85-8728-BB30F55FDACB}.Release|Any CPU.ActiveCfg = Release|Any CPU
		{91A9DD1C-08F3-4F85-8728-BB30F55FDACB}.Release|Any CPU.Build.0 = Release|Any CPU
		{91A9DD1C-08F3-4F85-8728-BB30F55FDACB}.Release|x64.ActiveCfg = Release|Any CPU
		{91A9DD1C-08F3-4F85-8728-BB30F55FDACB}.Release|x64.Build.0 = Release|Any CPU
		{91A9DD1C-08F3-4F85-8728-BB30F55FDACB}.Release|x86.ActiveCfg = Release|Any CPU
		{91A9DD1C-08F3-4F85-8728-BB30F55FDACB}.Release|x86.Build.0 = Release|Any CPU
		{5A25980B-54D9-4B82-8E2B-021F27860D7F}.Debug|Any CPU.ActiveCfg = Debug|Any CPU
		{5A25980B-54D9-4B82-8E2B-021F27860D7F}.Debug|Any CPU.Build.0 = Debug|Any CPU
		{5A25980B-54D9-4B82-8E2B-021F27860D7F}.Debug|x64.ActiveCfg = Debug|Any CPU
		{5A25980B-54D9-4B82-8E2B-021F27860D7F}.Debug|x64.Build.0 = Debug|Any CPU
		{5A25980B-54D9-4B82-8E2B-021F27860D7F}.Debug|x86.ActiveCfg = Debug|Any CPU
		{5A25980B-54D9-4B82-8E2B-021F27860D7F}.Debug|x86.Build.0 = Debug|Any CPU
		{5A25980B-54D9-4B82-8E2B-021F27860D7F}.EasyTest|Any CPU.ActiveCfg = Release|Any CPU
		{5A25980B-54D9-4B82-8E2B-021F27860D7F}.EasyTest|Any CPU.Build.0 = Release|Any CPU
		{5A25980B-54D9-4B82-8E2B-021F27860D7F}.EasyTest|x64.ActiveCfg = Release|Any CPU
		{5A25980B-54D9-4B82-8E2B-021F27860D7F}.EasyTest|x64.Build.0 = Release|Any CPU
		{5A25980B-54D9-4B82-8E2B-021F27860D7F}.EasyTest|x86.ActiveCfg = Release|Any CPU
		{5A25980B-54D9-4B82-8E2B-021F27860D7F}.EasyTest|x86.Build.0 = Release|Any CPU
		{5A25980B-54D9-4B82-8E2B-021F27860D7F}.Release|Any CPU.ActiveCfg = Release|Any CPU
		{5A25980B-54D9-4B82-8E2B-021F27860D7F}.Release|Any CPU.Build.0 = Release|Any CPU
		{5A25980B-54D9-4B82-8E2B-021F27860D7F}.Release|x64.ActiveCfg = Release|Any CPU
		{5A25980B-54D9-4B82-8E2B-021F27860D7F}.Release|x64.Build.0 = Release|Any CPU
		{5A25980B-54D9-4B82-8E2B-021F27860D7F}.Release|x86.ActiveCfg = Release|Any CPU
		{5A25980B-54D9-4B82-8E2B-021F27860D7F}.Release|x86.Build.0 = Release|Any CPU
		{D399504C-4288-4692-A980-8265FA3A29AA}.Debug|Any CPU.ActiveCfg = Debug|Any CPU
		{D399504C-4288-4692-A980-8265FA3A29AA}.Debug|Any CPU.Build.0 = Debug|Any CPU
		{D399504C-4288-4692-A980-8265FA3A29AA}.Debug|x64.ActiveCfg = Debug|Any CPU
		{D399504C-4288-4692-A980-8265FA3A29AA}.Debug|x64.Build.0 = Debug|Any CPU
		{D399504C-4288-4692-A980-8265FA3A29AA}.Debug|x86.ActiveCfg = Debug|Any CPU
		{D399504C-4288-4692-A980-8265FA3A29AA}.Debug|x86.Build.0 = Debug|Any CPU
		{D399504C-4288-4692-A980-8265FA3A29AA}.EasyTest|Any CPU.ActiveCfg = Release|Any CPU
		{D399504C-4288-4692-A980-8265FA3A29AA}.EasyTest|Any CPU.Build.0 = Release|Any CPU
		{D399504C-4288-4692-A980-8265FA3A29AA}.EasyTest|x64.ActiveCfg = Release|Any CPU
		{D399504C-4288-4692-A980-8265FA3A29AA}.EasyTest|x64.Build.0 = Release|Any CPU
		{D399504C-4288-4692-A980-8265FA3A29AA}.EasyTest|x86.ActiveCfg = Release|Any CPU
		{D399504C-4288-4692-A980-8265FA3A29AA}.EasyTest|x86.Build.0 = Release|Any CPU
		{D399504C-4288-4692-A980-8265FA3A29AA}.Release|Any CPU.ActiveCfg = Release|Any CPU
		{D399504C-4288-4692-A980-8265FA3A29AA}.Release|Any CPU.Build.0 = Release|Any CPU
		{D399504C-4288-4692-A980-8265FA3A29AA}.Release|x64.ActiveCfg = Release|Any CPU
		{D399504C-4288-4692-A980-8265FA3A29AA}.Release|x64.Build.0 = Release|Any CPU
		{D399504C-4288-4692-A980-8265FA3A29AA}.Release|x86.ActiveCfg = Release|Any CPU
		{D399504C-4288-4692-A980-8265FA3A29AA}.Release|x86.Build.0 = Release|Any CPU
		{54703EC7-D69C-442E-A0CE-487721010015}.Debug|Any CPU.ActiveCfg = Debug|Any CPU
		{54703EC7-D69C-442E-A0CE-487721010015}.Debug|Any CPU.Build.0 = Debug|Any CPU
		{54703EC7-D69C-442E-A0CE-487721010015}.Debug|x64.ActiveCfg = Debug|Any CPU
		{54703EC7-D69C-442E-A0CE-487721010015}.Debug|x64.Build.0 = Debug|Any CPU
		{54703EC7-D69C-442E-A0CE-487721010015}.Debug|x86.ActiveCfg = Debug|Any CPU
		{54703EC7-D69C-442E-A0CE-487721010015}.Debug|x86.Build.0 = Debug|Any CPU
		{54703EC7-D69C-442E-A0CE-487721010015}.EasyTest|Any CPU.ActiveCfg = Release|Any CPU
		{54703EC7-D69C-442E-A0CE-487721010015}.EasyTest|Any CPU.Build.0 = Release|Any CPU
		{54703EC7-D69C-442E-A0CE-487721010015}.EasyTest|x64.ActiveCfg = Release|Any CPU
		{54703EC7-D69C-442E-A0CE-487721010015}.EasyTest|x64.Build.0 = Release|Any CPU
		{54703EC7-D69C-442E-A0CE-487721010015}.EasyTest|x86.ActiveCfg = Release|Any CPU
		{54703EC7-D69C-442E-A0CE-487721010015}.EasyTest|x86.Build.0 = Release|Any CPU
		{54703EC7-D69C-442E-A0CE-487721010015}.Release|Any CPU.ActiveCfg = Release|Any CPU
		{54703EC7-D69C-442E-A0CE-487721010015}.Release|Any CPU.Build.0 = Release|Any CPU
		{54703EC7-D69C-442E-A0CE-487721010015}.Release|x64.ActiveCfg = Release|Any CPU
		{54703EC7-D69C-442E-A0CE-487721010015}.Release|x64.Build.0 = Release|Any CPU
		{54703EC7-D69C-442E-A0CE-487721010015}.Release|x86.ActiveCfg = Release|Any CPU
		{54703EC7-D69C-442E-A0CE-487721010015}.Release|x86.Build.0 = Release|Any CPU
		{500D1399-3CDE-427D-BBA9-A3CC14CD78E4}.Debug|Any CPU.ActiveCfg = Debug|Any CPU
		{500D1399-3CDE-427D-BBA9-A3CC14CD78E4}.Debug|Any CPU.Build.0 = Debug|Any CPU
		{500D1399-3CDE-427D-BBA9-A3CC14CD78E4}.Debug|x64.ActiveCfg = Debug|Any CPU
		{500D1399-3CDE-427D-BBA9-A3CC14CD78E4}.Debug|x64.Build.0 = Debug|Any CPU
		{500D1399-3CDE-427D-BBA9-A3CC14CD78E4}.Debug|x86.ActiveCfg = Debug|Any CPU
		{500D1399-3CDE-427D-BBA9-A3CC14CD78E4}.Debug|x86.Build.0 = Debug|Any CPU
		{500D1399-3CDE-427D-BBA9-A3CC14CD78E4}.EasyTest|Any CPU.ActiveCfg = Debug|Any CPU
		{500D1399-3CDE-427D-BBA9-A3CC14CD78E4}.EasyTest|Any CPU.Build.0 = Debug|Any CPU
		{500D1399-3CDE-427D-BBA9-A3CC14CD78E4}.EasyTest|x64.ActiveCfg = Debug|Any CPU
		{500D1399-3CDE-427D-BBA9-A3CC14CD78E4}.EasyTest|x64.Build.0 = Debug|Any CPU
		{500D1399-3CDE-427D-BBA9-A3CC14CD78E4}.EasyTest|x86.ActiveCfg = Debug|Any CPU
		{500D1399-3CDE-427D-BBA9-A3CC14CD78E4}.EasyTest|x86.Build.0 = Debug|Any CPU
		{500D1399-3CDE-427D-BBA9-A3CC14CD78E4}.Release|Any CPU.ActiveCfg = Release|Any CPU
		{500D1399-3CDE-427D-BBA9-A3CC14CD78E4}.Release|Any CPU.Build.0 = Release|Any CPU
		{500D1399-3CDE-427D-BBA9-A3CC14CD78E4}.Release|x64.ActiveCfg = Release|Any CPU
		{500D1399-3CDE-427D-BBA9-A3CC14CD78E4}.Release|x64.Build.0 = Release|Any CPU
		{500D1399-3CDE-427D-BBA9-A3CC14CD78E4}.Release|x86.ActiveCfg = Release|Any CPU
		{500D1399-3CDE-427D-BBA9-A3CC14CD78E4}.Release|x86.Build.0 = Release|Any CPU
		{DC8776A8-F3A8-4CDE-903D-3D5407E6D6FA}.Debug|Any CPU.ActiveCfg = Debug|Any CPU
		{DC8776A8-F3A8-4CDE-903D-3D5407E6D6FA}.Debug|Any CPU.Build.0 = Debug|Any CPU
		{DC8776A8-F3A8-4CDE-903D-3D5407E6D6FA}.Debug|x64.ActiveCfg = Debug|Any CPU
		{DC8776A8-F3A8-4CDE-903D-3D5407E6D6FA}.Debug|x64.Build.0 = Debug|Any CPU
		{DC8776A8-F3A8-4CDE-903D-3D5407E6D6FA}.Debug|x86.ActiveCfg = Debug|Any CPU
		{DC8776A8-F3A8-4CDE-903D-3D5407E6D6FA}.Debug|x86.Build.0 = Debug|Any CPU
		{DC8776A8-F3A8-4CDE-903D-3D5407E6D6FA}.EasyTest|Any CPU.ActiveCfg = Debug|Any CPU
		{DC8776A8-F3A8-4CDE-903D-3D5407E6D6FA}.EasyTest|Any CPU.Build.0 = Debug|Any CPU
		{DC8776A8-F3A8-4CDE-903D-3D5407E6D6FA}.EasyTest|x64.ActiveCfg = Debug|Any CPU
		{DC8776A8-F3A8-4CDE-903D-3D5407E6D6FA}.EasyTest|x64.Build.0 = Debug|Any CPU
		{DC8776A8-F3A8-4CDE-903D-3D5407E6D6FA}.EasyTest|x86.ActiveCfg = Debug|Any CPU
		{DC8776A8-F3A8-4CDE-903D-3D5407E6D6FA}.EasyTest|x86.Build.0 = Debug|Any CPU
		{DC8776A8-F3A8-4CDE-903D-3D5407E6D6FA}.Release|Any CPU.ActiveCfg = Release|Any CPU
		{DC8776A8-F3A8-4CDE-903D-3D5407E6D6FA}.Release|Any CPU.Build.0 = Release|Any CPU
		{DC8776A8-F3A8-4CDE-903D-3D5407E6D6FA}.Release|x64.ActiveCfg = Release|Any CPU
		{DC8776A8-F3A8-4CDE-903D-3D5407E6D6FA}.Release|x64.Build.0 = Release|Any CPU
		{DC8776A8-F3A8-4CDE-903D-3D5407E6D6FA}.Release|x86.ActiveCfg = Release|Any CPU
		{DC8776A8-F3A8-4CDE-903D-3D5407E6D6FA}.Release|x86.Build.0 = Release|Any CPU
		{5FCE6766-3FD7-4170-8C73-BB164EF57701}.Debug|Any CPU.ActiveCfg = Debug|Any CPU
		{5FCE6766-3FD7-4170-8C73-BB164EF57701}.Debug|Any CPU.Build.0 = Debug|Any CPU
		{5FCE6766-3FD7-4170-8C73-BB164EF57701}.Debug|x64.ActiveCfg = Debug|Any CPU
		{5FCE6766-3FD7-4170-8C73-BB164EF57701}.Debug|x64.Build.0 = Debug|Any CPU
		{5FCE6766-3FD7-4170-8C73-BB164EF57701}.Debug|x86.ActiveCfg = Debug|Any CPU
		{5FCE6766-3FD7-4170-8C73-BB164EF57701}.Debug|x86.Build.0 = Debug|Any CPU
		{5FCE6766-3FD7-4170-8C73-BB164EF57701}.EasyTest|Any CPU.ActiveCfg = Debug|Any CPU
		{5FCE6766-3FD7-4170-8C73-BB164EF57701}.EasyTest|Any CPU.Build.0 = Debug|Any CPU
		{5FCE6766-3FD7-4170-8C73-BB164EF57701}.EasyTest|x64.ActiveCfg = Debug|Any CPU
		{5FCE6766-3FD7-4170-8C73-BB164EF57701}.EasyTest|x64.Build.0 = Debug|Any CPU
		{5FCE6766-3FD7-4170-8C73-BB164EF57701}.EasyTest|x86.ActiveCfg = Debug|Any CPU
		{5FCE6766-3FD7-4170-8C73-BB164EF57701}.EasyTest|x86.Build.0 = Debug|Any CPU
		{5FCE6766-3FD7-4170-8C73-BB164EF57701}.Release|Any CPU.ActiveCfg = Release|Any CPU
		{5FCE6766-3FD7-4170-8C73-BB164EF57701}.Release|Any CPU.Build.0 = Release|Any CPU
		{5FCE6766-3FD7-4170-8C73-BB164EF57701}.Release|x64.ActiveCfg = Release|Any CPU
		{5FCE6766-3FD7-4170-8C73-BB164EF57701}.Release|x64.Build.0 = Release|Any CPU
		{5FCE6766-3FD7-4170-8C73-BB164EF57701}.Release|x86.ActiveCfg = Release|Any CPU
		{5FCE6766-3FD7-4170-8C73-BB164EF57701}.Release|x86.Build.0 = Release|Any CPU
		{5798030D-1632-4D93-8F35-42E650909A44}.Debug|Any CPU.ActiveCfg = Debug|Any CPU
		{5798030D-1632-4D93-8F35-42E650909A44}.Debug|Any CPU.Build.0 = Debug|Any CPU
		{5798030D-1632-4D93-8F35-42E650909A44}.Debug|x64.ActiveCfg = Debug|Any CPU
		{5798030D-1632-4D93-8F35-42E650909A44}.Debug|x64.Build.0 = Debug|Any CPU
		{5798030D-1632-4D93-8F35-42E650909A44}.Debug|x86.ActiveCfg = Debug|Any CPU
		{5798030D-1632-4D93-8F35-42E650909A44}.Debug|x86.Build.0 = Debug|Any CPU
		{5798030D-1632-4D93-8F35-42E650909A44}.EasyTest|Any CPU.ActiveCfg = Debug|Any CPU
		{5798030D-1632-4D93-8F35-42E650909A44}.EasyTest|Any CPU.Build.0 = Debug|Any CPU
		{5798030D-1632-4D93-8F35-42E650909A44}.EasyTest|x64.ActiveCfg = Debug|Any CPU
		{5798030D-1632-4D93-8F35-42E650909A44}.EasyTest|x64.Build.0 = Debug|Any CPU
		{5798030D-1632-4D93-8F35-42E650909A44}.EasyTest|x86.ActiveCfg = Debug|Any CPU
		{5798030D-1632-4D93-8F35-42E650909A44}.EasyTest|x86.Build.0 = Debug|Any CPU
		{5798030D-1632-4D93-8F35-42E650909A44}.Release|Any CPU.ActiveCfg = Release|Any CPU
		{5798030D-1632-4D93-8F35-42E650909A44}.Release|Any CPU.Build.0 = Release|Any CPU
		{5798030D-1632-4D93-8F35-42E650909A44}.Release|x64.ActiveCfg = Release|Any CPU
		{5798030D-1632-4D93-8F35-42E650909A44}.Release|x64.Build.0 = Release|Any CPU
		{5798030D-1632-4D93-8F35-42E650909A44}.Release|x86.ActiveCfg = Release|Any CPU
		{5798030D-1632-4D93-8F35-42E650909A44}.Release|x86.Build.0 = Release|Any CPU
		{F99467D7-4FE5-4C58-8D17-4203165F8646}.Debug|Any CPU.ActiveCfg = Debug|Any CPU
		{F99467D7-4FE5-4C58-8D17-4203165F8646}.Debug|Any CPU.Build.0 = Debug|Any CPU
		{F99467D7-4FE5-4C58-8D17-4203165F8646}.Debug|x64.ActiveCfg = Debug|Any CPU
		{F99467D7-4FE5-4C58-8D17-4203165F8646}.Debug|x64.Build.0 = Debug|Any CPU
		{F99467D7-4FE5-4C58-8D17-4203165F8646}.Debug|x86.ActiveCfg = Debug|Any CPU
		{F99467D7-4FE5-4C58-8D17-4203165F8646}.Debug|x86.Build.0 = Debug|Any CPU
		{F99467D7-4FE5-4C58-8D17-4203165F8646}.EasyTest|Any CPU.ActiveCfg = Debug|Any CPU
		{F99467D7-4FE5-4C58-8D17-4203165F8646}.EasyTest|Any CPU.Build.0 = Debug|Any CPU
		{F99467D7-4FE5-4C58-8D17-4203165F8646}.EasyTest|x64.ActiveCfg = Debug|Any CPU
		{F99467D7-4FE5-4C58-8D17-4203165F8646}.EasyTest|x64.Build.0 = Debug|Any CPU
		{F99467D7-4FE5-4C58-8D17-4203165F8646}.EasyTest|x86.ActiveCfg = Debug|Any CPU
		{F99467D7-4FE5-4C58-8D17-4203165F8646}.EasyTest|x86.Build.0 = Debug|Any CPU
		{F99467D7-4FE5-4C58-8D17-4203165F8646}.Release|Any CPU.ActiveCfg = Release|Any CPU
		{F99467D7-4FE5-4C58-8D17-4203165F8646}.Release|Any CPU.Build.0 = Release|Any CPU
		{F99467D7-4FE5-4C58-8D17-4203165F8646}.Release|x64.ActiveCfg = Release|Any CPU
		{F99467D7-4FE5-4C58-8D17-4203165F8646}.Release|x64.Build.0 = Release|Any CPU
		{F99467D7-4FE5-4C58-8D17-4203165F8646}.Release|x86.ActiveCfg = Release|Any CPU
		{F99467D7-4FE5-4C58-8D17-4203165F8646}.Release|x86.Build.0 = Release|Any CPU
		{90DBC470-E9F6-4E49-8DEA-E7617E3B230B}.Debug|Any CPU.ActiveCfg = Debug|Any CPU
		{90DBC470-E9F6-4E49-8DEA-E7617E3B230B}.Debug|Any CPU.Build.0 = Debug|Any CPU
		{90DBC470-E9F6-4E49-8DEA-E7617E3B230B}.Debug|x64.ActiveCfg = Debug|Any CPU
		{90DBC470-E9F6-4E49-8DEA-E7617E3B230B}.Debug|x64.Build.0 = Debug|Any CPU
		{90DBC470-E9F6-4E49-8DEA-E7617E3B230B}.Debug|x86.ActiveCfg = Debug|Any CPU
		{90DBC470-E9F6-4E49-8DEA-E7617E3B230B}.Debug|x86.Build.0 = Debug|Any CPU
		{90DBC470-E9F6-4E49-8DEA-E7617E3B230B}.EasyTest|Any CPU.ActiveCfg = Debug|Any CPU
		{90DBC470-E9F6-4E49-8DEA-E7617E3B230B}.EasyTest|Any CPU.Build.0 = Debug|Any CPU
		{90DBC470-E9F6-4E49-8DEA-E7617E3B230B}.EasyTest|x64.ActiveCfg = Debug|Any CPU
		{90DBC470-E9F6-4E49-8DEA-E7617E3B230B}.EasyTest|x64.Build.0 = Debug|Any CPU
		{90DBC470-E9F6-4E49-8DEA-E7617E3B230B}.EasyTest|x86.ActiveCfg = Debug|Any CPU
		{90DBC470-E9F6-4E49-8DEA-E7617E3B230B}.EasyTest|x86.Build.0 = Debug|Any CPU
		{90DBC470-E9F6-4E49-8DEA-E7617E3B230B}.Release|Any CPU.ActiveCfg = Release|Any CPU
		{90DBC470-E9F6-4E49-8DEA-E7617E3B230B}.Release|Any CPU.Build.0 = Release|Any CPU
		{90DBC470-E9F6-4E49-8DEA-E7617E3B230B}.Release|x64.ActiveCfg = Release|Any CPU
		{90DBC470-E9F6-4E49-8DEA-E7617E3B230B}.Release|x64.Build.0 = Release|Any CPU
		{90DBC470-E9F6-4E49-8DEA-E7617E3B230B}.Release|x86.ActiveCfg = Release|Any CPU
		{90DBC470-E9F6-4E49-8DEA-E7617E3B230B}.Release|x86.Build.0 = Release|Any CPU
		{F1F5318E-4950-421D-A44C-81C28C060B7E}.Debug|Any CPU.ActiveCfg = Debug|Any CPU
		{F1F5318E-4950-421D-A44C-81C28C060B7E}.Debug|Any CPU.Build.0 = Debug|Any CPU
		{F1F5318E-4950-421D-A44C-81C28C060B7E}.Debug|x64.ActiveCfg = Debug|Any CPU
		{F1F5318E-4950-421D-A44C-81C28C060B7E}.Debug|x64.Build.0 = Debug|Any CPU
		{F1F5318E-4950-421D-A44C-81C28C060B7E}.Debug|x86.ActiveCfg = Debug|Any CPU
		{F1F5318E-4950-421D-A44C-81C28C060B7E}.Debug|x86.Build.0 = Debug|Any CPU
		{F1F5318E-4950-421D-A44C-81C28C060B7E}.EasyTest|Any CPU.ActiveCfg = Debug|Any CPU
		{F1F5318E-4950-421D-A44C-81C28C060B7E}.EasyTest|Any CPU.Build.0 = Debug|Any CPU
		{F1F5318E-4950-421D-A44C-81C28C060B7E}.EasyTest|x64.ActiveCfg = Debug|Any CPU
		{F1F5318E-4950-421D-A44C-81C28C060B7E}.EasyTest|x64.Build.0 = Debug|Any CPU
		{F1F5318E-4950-421D-A44C-81C28C060B7E}.EasyTest|x86.ActiveCfg = Debug|Any CPU
		{F1F5318E-4950-421D-A44C-81C28C060B7E}.EasyTest|x86.Build.0 = Debug|Any CPU
		{F1F5318E-4950-421D-A44C-81C28C060B7E}.Release|Any CPU.ActiveCfg = Release|Any CPU
		{F1F5318E-4950-421D-A44C-81C28C060B7E}.Release|Any CPU.Build.0 = Release|Any CPU
		{F1F5318E-4950-421D-A44C-81C28C060B7E}.Release|x64.ActiveCfg = Release|Any CPU
		{F1F5318E-4950-421D-A44C-81C28C060B7E}.Release|x64.Build.0 = Release|Any CPU
		{F1F5318E-4950-421D-A44C-81C28C060B7E}.Release|x86.ActiveCfg = Release|Any CPU
		{F1F5318E-4950-421D-A44C-81C28C060B7E}.Release|x86.Build.0 = Release|Any CPU
		{422A627F-92D5-42E1-BC32-3C229BDE3C9A}.Debug|Any CPU.ActiveCfg = Debug|Any CPU
		{422A627F-92D5-42E1-BC32-3C229BDE3C9A}.Debug|Any CPU.Build.0 = Debug|Any CPU
		{422A627F-92D5-42E1-BC32-3C229BDE3C9A}.Debug|x64.ActiveCfg = Debug|Any CPU
		{422A627F-92D5-42E1-BC32-3C229BDE3C9A}.Debug|x64.Build.0 = Debug|Any CPU
		{422A627F-92D5-42E1-BC32-3C229BDE3C9A}.Debug|x86.ActiveCfg = Debug|Any CPU
		{422A627F-92D5-42E1-BC32-3C229BDE3C9A}.Debug|x86.Build.0 = Debug|Any CPU
		{422A627F-92D5-42E1-BC32-3C229BDE3C9A}.EasyTest|Any CPU.ActiveCfg = Debug|Any CPU
		{422A627F-92D5-42E1-BC32-3C229BDE3C9A}.EasyTest|Any CPU.Build.0 = Debug|Any CPU
		{422A627F-92D5-42E1-BC32-3C229BDE3C9A}.EasyTest|x64.ActiveCfg = Debug|Any CPU
		{422A627F-92D5-42E1-BC32-3C229BDE3C9A}.EasyTest|x64.Build.0 = Debug|Any CPU
		{422A627F-92D5-42E1-BC32-3C229BDE3C9A}.EasyTest|x86.ActiveCfg = Debug|Any CPU
		{422A627F-92D5-42E1-BC32-3C229BDE3C9A}.EasyTest|x86.Build.0 = Debug|Any CPU
		{422A627F-92D5-42E1-BC32-3C229BDE3C9A}.Release|Any CPU.ActiveCfg = Release|Any CPU
		{422A627F-92D5-42E1-BC32-3C229BDE3C9A}.Release|Any CPU.Build.0 = Release|Any CPU
		{422A627F-92D5-42E1-BC32-3C229BDE3C9A}.Release|x64.ActiveCfg = Release|Any CPU
		{422A627F-92D5-42E1-BC32-3C229BDE3C9A}.Release|x64.Build.0 = Release|Any CPU
		{422A627F-92D5-42E1-BC32-3C229BDE3C9A}.Release|x86.ActiveCfg = Release|Any CPU
		{422A627F-92D5-42E1-BC32-3C229BDE3C9A}.Release|x86.Build.0 = Release|Any CPU
		{574762C1-895A-4EAD-B31E-7B261F57D6CA}.Debug|Any CPU.ActiveCfg = Debug|Any CPU
		{574762C1-895A-4EAD-B31E-7B261F57D6CA}.Debug|Any CPU.Build.0 = Debug|Any CPU
		{574762C1-895A-4EAD-B31E-7B261F57D6CA}.Debug|x64.ActiveCfg = Debug|Any CPU
		{574762C1-895A-4EAD-B31E-7B261F57D6CA}.Debug|x64.Build.0 = Debug|Any CPU
		{574762C1-895A-4EAD-B31E-7B261F57D6CA}.Debug|x86.ActiveCfg = Debug|Any CPU
		{574762C1-895A-4EAD-B31E-7B261F57D6CA}.Debug|x86.Build.0 = Debug|Any CPU
		{574762C1-895A-4EAD-B31E-7B261F57D6CA}.EasyTest|Any CPU.ActiveCfg = Debug|Any CPU
		{574762C1-895A-4EAD-B31E-7B261F57D6CA}.EasyTest|Any CPU.Build.0 = Debug|Any CPU
		{574762C1-895A-4EAD-B31E-7B261F57D6CA}.EasyTest|x64.ActiveCfg = Debug|Any CPU
		{574762C1-895A-4EAD-B31E-7B261F57D6CA}.EasyTest|x64.Build.0 = Debug|Any CPU
		{574762C1-895A-4EAD-B31E-7B261F57D6CA}.EasyTest|x86.ActiveCfg = Debug|Any CPU
		{574762C1-895A-4EAD-B31E-7B261F57D6CA}.EasyTest|x86.Build.0 = Debug|Any CPU
		{574762C1-895A-4EAD-B31E-7B261F57D6CA}.Release|Any CPU.ActiveCfg = Release|Any CPU
		{574762C1-895A-4EAD-B31E-7B261F57D6CA}.Release|Any CPU.Build.0 = Release|Any CPU
		{574762C1-895A-4EAD-B31E-7B261F57D6CA}.Release|x64.ActiveCfg = Release|Any CPU
		{574762C1-895A-4EAD-B31E-7B261F57D6CA}.Release|x64.Build.0 = Release|Any CPU
		{574762C1-895A-4EAD-B31E-7B261F57D6CA}.Release|x86.ActiveCfg = Release|Any CPU
		{574762C1-895A-4EAD-B31E-7B261F57D6CA}.Release|x86.Build.0 = Release|Any CPU
		{BF1061A4-91EC-4F6F-9E27-DF2363097309}.Debug|Any CPU.ActiveCfg = Debug|Any CPU
		{BF1061A4-91EC-4F6F-9E27-DF2363097309}.Debug|Any CPU.Build.0 = Debug|Any CPU
		{BF1061A4-91EC-4F6F-9E27-DF2363097309}.Debug|x64.ActiveCfg = Debug|Any CPU
		{BF1061A4-91EC-4F6F-9E27-DF2363097309}.Debug|x64.Build.0 = Debug|Any CPU
		{BF1061A4-91EC-4F6F-9E27-DF2363097309}.Debug|x86.ActiveCfg = Debug|Any CPU
		{BF1061A4-91EC-4F6F-9E27-DF2363097309}.Debug|x86.Build.0 = Debug|Any CPU
		{BF1061A4-91EC-4F6F-9E27-DF2363097309}.EasyTest|Any CPU.ActiveCfg = Debug|Any CPU
		{BF1061A4-91EC-4F6F-9E27-DF2363097309}.EasyTest|Any CPU.Build.0 = Debug|Any CPU
		{BF1061A4-91EC-4F6F-9E27-DF2363097309}.EasyTest|x64.ActiveCfg = Debug|Any CPU
		{BF1061A4-91EC-4F6F-9E27-DF2363097309}.EasyTest|x64.Build.0 = Debug|Any CPU
		{BF1061A4-91EC-4F6F-9E27-DF2363097309}.EasyTest|x86.ActiveCfg = Debug|Any CPU
		{BF1061A4-91EC-4F6F-9E27-DF2363097309}.EasyTest|x86.Build.0 = Debug|Any CPU
		{BF1061A4-91EC-4F6F-9E27-DF2363097309}.Release|Any CPU.ActiveCfg = Release|Any CPU
		{BF1061A4-91EC-4F6F-9E27-DF2363097309}.Release|Any CPU.Build.0 = Release|Any CPU
		{BF1061A4-91EC-4F6F-9E27-DF2363097309}.Release|x64.ActiveCfg = Release|Any CPU
		{BF1061A4-91EC-4F6F-9E27-DF2363097309}.Release|x64.Build.0 = Release|Any CPU
		{BF1061A4-91EC-4F6F-9E27-DF2363097309}.Release|x86.ActiveCfg = Release|Any CPU
		{BF1061A4-91EC-4F6F-9E27-DF2363097309}.Release|x86.Build.0 = Release|Any CPU
		{A9FC1A15-19FE-4533-A845-5A6E2F044F8F}.Debug|Any CPU.ActiveCfg = Debug|Any CPU
		{A9FC1A15-19FE-4533-A845-5A6E2F044F8F}.Debug|Any CPU.Build.0 = Debug|Any CPU
		{A9FC1A15-19FE-4533-A845-5A6E2F044F8F}.Debug|x64.ActiveCfg = Debug|Any CPU
		{A9FC1A15-19FE-4533-A845-5A6E2F044F8F}.Debug|x64.Build.0 = Debug|Any CPU
		{A9FC1A15-19FE-4533-A845-5A6E2F044F8F}.Debug|x86.ActiveCfg = Debug|Any CPU
		{A9FC1A15-19FE-4533-A845-5A6E2F044F8F}.Debug|x86.Build.0 = Debug|Any CPU
		{A9FC1A15-19FE-4533-A845-5A6E2F044F8F}.EasyTest|Any CPU.ActiveCfg = Debug|Any CPU
		{A9FC1A15-19FE-4533-A845-5A6E2F044F8F}.EasyTest|Any CPU.Build.0 = Debug|Any CPU
		{A9FC1A15-19FE-4533-A845-5A6E2F044F8F}.EasyTest|x64.ActiveCfg = Debug|Any CPU
		{A9FC1A15-19FE-4533-A845-5A6E2F044F8F}.EasyTest|x64.Build.0 = Debug|Any CPU
		{A9FC1A15-19FE-4533-A845-5A6E2F044F8F}.EasyTest|x86.ActiveCfg = Debug|Any CPU
		{A9FC1A15-19FE-4533-A845-5A6E2F044F8F}.EasyTest|x86.Build.0 = Debug|Any CPU
		{A9FC1A15-19FE-4533-A845-5A6E2F044F8F}.Release|Any CPU.ActiveCfg = Release|Any CPU
		{A9FC1A15-19FE-4533-A845-5A6E2F044F8F}.Release|Any CPU.Build.0 = Release|Any CPU
		{A9FC1A15-19FE-4533-A845-5A6E2F044F8F}.Release|x64.ActiveCfg = Release|Any CPU
		{A9FC1A15-19FE-4533-A845-5A6E2F044F8F}.Release|x64.Build.0 = Release|Any CPU
		{A9FC1A15-19FE-4533-A845-5A6E2F044F8F}.Release|x86.ActiveCfg = Release|Any CPU
		{A9FC1A15-19FE-4533-A845-5A6E2F044F8F}.Release|x86.Build.0 = Release|Any CPU
		{F6040249-BBE5-4816-8310-FE7255FCF733}.Debug|Any CPU.ActiveCfg = Debug|Any CPU
		{F6040249-BBE5-4816-8310-FE7255FCF733}.Debug|Any CPU.Build.0 = Debug|Any CPU
		{F6040249-BBE5-4816-8310-FE7255FCF733}.Debug|x64.ActiveCfg = Debug|Any CPU
		{F6040249-BBE5-4816-8310-FE7255FCF733}.Debug|x64.Build.0 = Debug|Any CPU
		{F6040249-BBE5-4816-8310-FE7255FCF733}.Debug|x86.ActiveCfg = Debug|Any CPU
		{F6040249-BBE5-4816-8310-FE7255FCF733}.Debug|x86.Build.0 = Debug|Any CPU
		{F6040249-BBE5-4816-8310-FE7255FCF733}.EasyTest|Any CPU.ActiveCfg = Debug|Any CPU
		{F6040249-BBE5-4816-8310-FE7255FCF733}.EasyTest|Any CPU.Build.0 = Debug|Any CPU
		{F6040249-BBE5-4816-8310-FE7255FCF733}.EasyTest|x64.ActiveCfg = Debug|Any CPU
		{F6040249-BBE5-4816-8310-FE7255FCF733}.EasyTest|x64.Build.0 = Debug|Any CPU
		{F6040249-BBE5-4816-8310-FE7255FCF733}.EasyTest|x86.ActiveCfg = Debug|Any CPU
		{F6040249-BBE5-4816-8310-FE7255FCF733}.EasyTest|x86.Build.0 = Debug|Any CPU
		{F6040249-BBE5-4816-8310-FE7255FCF733}.Release|Any CPU.ActiveCfg = Release|Any CPU
		{F6040249-BBE5-4816-8310-FE7255FCF733}.Release|Any CPU.Build.0 = Release|Any CPU
		{F6040249-BBE5-4816-8310-FE7255FCF733}.Release|x64.ActiveCfg = Release|Any CPU
		{F6040249-BBE5-4816-8310-FE7255FCF733}.Release|x64.Build.0 = Release|Any CPU
		{F6040249-BBE5-4816-8310-FE7255FCF733}.Release|x86.ActiveCfg = Release|Any CPU
		{F6040249-BBE5-4816-8310-FE7255FCF733}.Release|x86.Build.0 = Release|Any CPU
		{BF8E500B-83B2-4734-944B-56E33314D4F2}.Debug|Any CPU.ActiveCfg = Debug|Any CPU
		{BF8E500B-83B2-4734-944B-56E33314D4F2}.Debug|Any CPU.Build.0 = Debug|Any CPU
		{BF8E500B-83B2-4734-944B-56E33314D4F2}.Debug|x64.ActiveCfg = Debug|Any CPU
		{BF8E500B-83B2-4734-944B-56E33314D4F2}.Debug|x64.Build.0 = Debug|Any CPU
		{BF8E500B-83B2-4734-944B-56E33314D4F2}.Debug|x86.ActiveCfg = Debug|Any CPU
		{BF8E500B-83B2-4734-944B-56E33314D4F2}.Debug|x86.Build.0 = Debug|Any CPU
		{BF8E500B-83B2-4734-944B-56E33314D4F2}.EasyTest|Any CPU.ActiveCfg = Debug|Any CPU
		{BF8E500B-83B2-4734-944B-56E33314D4F2}.EasyTest|Any CPU.Build.0 = Debug|Any CPU
		{BF8E500B-83B2-4734-944B-56E33314D4F2}.EasyTest|x64.ActiveCfg = Debug|Any CPU
		{BF8E500B-83B2-4734-944B-56E33314D4F2}.EasyTest|x64.Build.0 = Debug|Any CPU
		{BF8E500B-83B2-4734-944B-56E33314D4F2}.EasyTest|x86.ActiveCfg = Debug|Any CPU
		{BF8E500B-83B2-4734-944B-56E33314D4F2}.EasyTest|x86.Build.0 = Debug|Any CPU
		{BF8E500B-83B2-4734-944B-56E33314D4F2}.Release|Any CPU.ActiveCfg = Release|Any CPU
		{BF8E500B-83B2-4734-944B-56E33314D4F2}.Release|Any CPU.Build.0 = Release|Any CPU
		{BF8E500B-83B2-4734-944B-56E33314D4F2}.Release|x64.ActiveCfg = Release|Any CPU
		{BF8E500B-83B2-4734-944B-56E33314D4F2}.Release|x64.Build.0 = Release|Any CPU
		{BF8E500B-83B2-4734-944B-56E33314D4F2}.Release|x86.ActiveCfg = Release|Any CPU
		{BF8E500B-83B2-4734-944B-56E33314D4F2}.Release|x86.Build.0 = Release|Any CPU
		{A2EFDF9B-428D-424A-BD68-06034AB5C389}.Debug|Any CPU.ActiveCfg = Debug|Any CPU
		{A2EFDF9B-428D-424A-BD68-06034AB5C389}.Debug|Any CPU.Build.0 = Debug|Any CPU
		{A2EFDF9B-428D-424A-BD68-06034AB5C389}.Debug|x64.ActiveCfg = Debug|Any CPU
		{A2EFDF9B-428D-424A-BD68-06034AB5C389}.Debug|x64.Build.0 = Debug|Any CPU
		{A2EFDF9B-428D-424A-BD68-06034AB5C389}.Debug|x86.ActiveCfg = Debug|Any CPU
		{A2EFDF9B-428D-424A-BD68-06034AB5C389}.Debug|x86.Build.0 = Debug|Any CPU
		{A2EFDF9B-428D-424A-BD68-06034AB5C389}.EasyTest|Any CPU.ActiveCfg = Debug|Any CPU
		{A2EFDF9B-428D-424A-BD68-06034AB5C389}.EasyTest|Any CPU.Build.0 = Debug|Any CPU
		{A2EFDF9B-428D-424A-BD68-06034AB5C389}.EasyTest|x64.ActiveCfg = Debug|Any CPU
		{A2EFDF9B-428D-424A-BD68-06034AB5C389}.EasyTest|x64.Build.0 = Debug|Any CPU
		{A2EFDF9B-428D-424A-BD68-06034AB5C389}.EasyTest|x86.ActiveCfg = Debug|Any CPU
		{A2EFDF9B-428D-424A-BD68-06034AB5C389}.EasyTest|x86.Build.0 = Debug|Any CPU
		{A2EFDF9B-428D-424A-BD68-06034AB5C389}.Release|Any CPU.ActiveCfg = Release|Any CPU
		{A2EFDF9B-428D-424A-BD68-06034AB5C389}.Release|Any CPU.Build.0 = Release|Any CPU
		{A2EFDF9B-428D-424A-BD68-06034AB5C389}.Release|x64.ActiveCfg = Release|Any CPU
		{A2EFDF9B-428D-424A-BD68-06034AB5C389}.Release|x64.Build.0 = Release|Any CPU
		{A2EFDF9B-428D-424A-BD68-06034AB5C389}.Release|x86.ActiveCfg = Release|Any CPU
		{A2EFDF9B-428D-424A-BD68-06034AB5C389}.Release|x86.Build.0 = Release|Any CPU
		{C2CD8E5D-63FB-497F-90DB-71D5437F4DF0}.Debug|Any CPU.ActiveCfg = Debug|Any CPU
		{C2CD8E5D-63FB-497F-90DB-71D5437F4DF0}.Debug|Any CPU.Build.0 = Debug|Any CPU
		{C2CD8E5D-63FB-497F-90DB-71D5437F4DF0}.Debug|x64.ActiveCfg = Debug|Any CPU
		{C2CD8E5D-63FB-497F-90DB-71D5437F4DF0}.Debug|x64.Build.0 = Debug|Any CPU
		{C2CD8E5D-63FB-497F-90DB-71D5437F4DF0}.Debug|x86.ActiveCfg = Debug|Any CPU
		{C2CD8E5D-63FB-497F-90DB-71D5437F4DF0}.Debug|x86.Build.0 = Debug|Any CPU
		{C2CD8E5D-63FB-497F-90DB-71D5437F4DF0}.EasyTest|Any CPU.ActiveCfg = Debug|Any CPU
		{C2CD8E5D-63FB-497F-90DB-71D5437F4DF0}.EasyTest|Any CPU.Build.0 = Debug|Any CPU
		{C2CD8E5D-63FB-497F-90DB-71D5437F4DF0}.EasyTest|x64.ActiveCfg = Debug|Any CPU
		{C2CD8E5D-63FB-497F-90DB-71D5437F4DF0}.EasyTest|x64.Build.0 = Debug|Any CPU
		{C2CD8E5D-63FB-497F-90DB-71D5437F4DF0}.EasyTest|x86.ActiveCfg = Debug|Any CPU
		{C2CD8E5D-63FB-497F-90DB-71D5437F4DF0}.EasyTest|x86.Build.0 = Debug|Any CPU
		{C2CD8E5D-63FB-497F-90DB-71D5437F4DF0}.Release|Any CPU.ActiveCfg = Release|Any CPU
		{C2CD8E5D-63FB-497F-90DB-71D5437F4DF0}.Release|Any CPU.Build.0 = Release|Any CPU
		{C2CD8E5D-63FB-497F-90DB-71D5437F4DF0}.Release|x64.ActiveCfg = Release|Any CPU
		{C2CD8E5D-63FB-497F-90DB-71D5437F4DF0}.Release|x64.Build.0 = Release|Any CPU
		{C2CD8E5D-63FB-497F-90DB-71D5437F4DF0}.Release|x86.ActiveCfg = Release|Any CPU
		{C2CD8E5D-63FB-497F-90DB-71D5437F4DF0}.Release|x86.Build.0 = Release|Any CPU
		{B19F6084-7232-4AB9-B1AE-7702BB33B10C}.Debug|Any CPU.ActiveCfg = Debug|Any CPU
		{B19F6084-7232-4AB9-B1AE-7702BB33B10C}.Debug|Any CPU.Build.0 = Debug|Any CPU
		{B19F6084-7232-4AB9-B1AE-7702BB33B10C}.Debug|x64.ActiveCfg = Debug|Any CPU
		{B19F6084-7232-4AB9-B1AE-7702BB33B10C}.Debug|x64.Build.0 = Debug|Any CPU
		{B19F6084-7232-4AB9-B1AE-7702BB33B10C}.Debug|x86.ActiveCfg = Debug|Any CPU
		{B19F6084-7232-4AB9-B1AE-7702BB33B10C}.Debug|x86.Build.0 = Debug|Any CPU
		{B19F6084-7232-4AB9-B1AE-7702BB33B10C}.EasyTest|Any CPU.ActiveCfg = Debug|Any CPU
		{B19F6084-7232-4AB9-B1AE-7702BB33B10C}.EasyTest|Any CPU.Build.0 = Debug|Any CPU
		{B19F6084-7232-4AB9-B1AE-7702BB33B10C}.EasyTest|x64.ActiveCfg = Debug|Any CPU
		{B19F6084-7232-4AB9-B1AE-7702BB33B10C}.EasyTest|x64.Build.0 = Debug|Any CPU
		{B19F6084-7232-4AB9-B1AE-7702BB33B10C}.EasyTest|x86.ActiveCfg = Debug|Any CPU
		{B19F6084-7232-4AB9-B1AE-7702BB33B10C}.EasyTest|x86.Build.0 = Debug|Any CPU
		{B19F6084-7232-4AB9-B1AE-7702BB33B10C}.Release|Any CPU.ActiveCfg = Release|Any CPU
		{B19F6084-7232-4AB9-B1AE-7702BB33B10C}.Release|Any CPU.Build.0 = Release|Any CPU
		{B19F6084-7232-4AB9-B1AE-7702BB33B10C}.Release|x64.ActiveCfg = Release|Any CPU
		{B19F6084-7232-4AB9-B1AE-7702BB33B10C}.Release|x64.Build.0 = Release|Any CPU
		{B19F6084-7232-4AB9-B1AE-7702BB33B10C}.Release|x86.ActiveCfg = Release|Any CPU
		{B19F6084-7232-4AB9-B1AE-7702BB33B10C}.Release|x86.Build.0 = Release|Any CPU
	EndGlobalSection
	GlobalSection(SolutionProperties) = preSolution
		HideSolutionNode = FALSE
	EndGlobalSection
	GlobalSection(NestedProjects) = preSolution
		{7EFA2FA7-32DD-4047-B021-50E77A83D714} = {C9BFDDC4-5671-47A3-B57D-197C2A51FA8A}
		{13367B7A-E91C-47EE-BA5E-C50664D65767} = {C9BFDDC4-5671-47A3-B57D-197C2A51FA8A}
		{91A9DD1C-08F3-4F85-8728-BB30F55FDACB} = {7EFA2FA7-32DD-4047-B021-50E77A83D714}
		{5A25980B-54D9-4B82-8E2B-021F27860D7F} = {7EFA2FA7-32DD-4047-B021-50E77A83D714}
		{D399504C-4288-4692-A980-8265FA3A29AA} = {7EFA2FA7-32DD-4047-B021-50E77A83D714}
		{54703EC7-D69C-442E-A0CE-487721010015} = {C9BFDDC4-5671-47A3-B57D-197C2A51FA8A}
		{500D1399-3CDE-427D-BBA9-A3CC14CD78E4} = {7EFA2FA7-32DD-4047-B021-50E77A83D714}
		{DC8776A8-F3A8-4CDE-903D-3D5407E6D6FA} = {7EFA2FA7-32DD-4047-B021-50E77A83D714}
		{5FCE6766-3FD7-4170-8C73-BB164EF57701} = {7EFA2FA7-32DD-4047-B021-50E77A83D714}
		{5798030D-1632-4D93-8F35-42E650909A44} = {7EFA2FA7-32DD-4047-B021-50E77A83D714}
		{F99467D7-4FE5-4C58-8D17-4203165F8646} = {7EFA2FA7-32DD-4047-B021-50E77A83D714}
		{90DBC470-E9F6-4E49-8DEA-E7617E3B230B} = {7EFA2FA7-32DD-4047-B021-50E77A83D714}
		{F1F5318E-4950-421D-A44C-81C28C060B7E} = {7EFA2FA7-32DD-4047-B021-50E77A83D714}
		{422A627F-92D5-42E1-BC32-3C229BDE3C9A} = {7EFA2FA7-32DD-4047-B021-50E77A83D714}
		{574762C1-895A-4EAD-B31E-7B261F57D6CA} = {7EFA2FA7-32DD-4047-B021-50E77A83D714}
		{BF1061A4-91EC-4F6F-9E27-DF2363097309} = {7EFA2FA7-32DD-4047-B021-50E77A83D714}
		{A9FC1A15-19FE-4533-A845-5A6E2F044F8F} = {7EFA2FA7-32DD-4047-B021-50E77A83D714}
		{F6040249-BBE5-4816-8310-FE7255FCF733} = {7EFA2FA7-32DD-4047-B021-50E77A83D714}
		{BF8E500B-83B2-4734-944B-56E33314D4F2} = {7EFA2FA7-32DD-4047-B021-50E77A83D714}
		{A2EFDF9B-428D-424A-BD68-06034AB5C389} = {7EFA2FA7-32DD-4047-B021-50E77A83D714}
		{C2CD8E5D-63FB-497F-90DB-71D5437F4DF0} = {7EFA2FA7-32DD-4047-B021-50E77A83D714}
		{B19F6084-7232-4AB9-B1AE-7702BB33B10C} = {7EFA2FA7-32DD-4047-B021-50E77A83D714}
	EndGlobalSection
	GlobalSection(ExtensibilityGlobals) = postSolution
		SolutionGuid = {B9D0D8F0-1AB9-44DD-839F-ED8CEE7DDB10}
	EndGlobalSection
EndGlobal
